
Microsoft Visual Studio Solution File, Format Version 12.00
# Visual Studio 14
VisualStudioVersion = 14.0.24720.0
MinimumVisualStudioVersion = 10.0.40219.1
Project("{FAE04EC0-301F-11D3-BF4B-00C04F79EFBC}") = "GameOfLife", "GameOfLife.csproj", "{E603B052-DF7C-4EF0-B1FB-445E23E8A92A}"
EndProject
Project("{FAE04EC0-301F-11D3-BF4B-00C04F79EFBC}") = "GameOfLifeTests", "..\GameOfLifeTests\GameOfLifeTests.csproj", "{02437F9A-A69F-4AE8-BACD-0BF765520411}"
EndProject
Global
	GlobalSection(SolutionConfigurationPlatforms) = preSolution
		Debug|Any CPU = Debug|Any CPU
		Release|Any CPU = Release|Any CPU
	EndGlobalSection
	GlobalSection(ProjectConfigurationPlatforms) = postSolution
		{E603B052-DF7C-4EF0-B1FB-445E23E8A92A}.Debug|Any CPU.ActiveCfg = Debug|Any CPU
		{E603B052-DF7C-4EF0-B1FB-445E23E8A92A}.Debug|Any CPU.Build.0 = Debug|Any CPU
		{E603B052-DF7C-4EF0-B1FB-445E23E8A92A}.Release|Any CPU.ActiveCfg = Release|Any CPU
		{E603B052-DF7C-4EF0-B1FB-445E23E8A92A}.Release|Any CPU.Build.0 = Release|Any CPU
		{02437F9A-A69F-4AE8-BACD-0BF765520411}.Debug|Any CPU.ActiveCfg = Debug|Any CPU
		{02437F9A-A69F-4AE8-BACD-0BF765520411}.Debug|Any CPU.Build.0 = Debug|Any CPU
		{02437F9A-A69F-4AE8-BACD-0BF765520411}.Release|Any CPU.ActiveCfg = Release|Any CPU
		{02437F9A-A69F-4AE8-BACD-0BF765520411}.Release|Any CPU.Build.0 = Release|Any CPU
	EndGlobalSection
	GlobalSection(SolutionProperties) = preSolution
		HideSolutionNode = FALSE
	EndGlobalSection
EndGlobal
